{
  "name": "metrics-api",
  "version": "0.1.0",
  "lockfileVersion": 1,
  "requires": true,
  "dependencies": {
    "moggies-auth": {
      "version": "0.1.0",
      "resolved": "https://moggies-io-989665778089.d.codeartifact.eu-west-1.amazonaws.com:443/npm/team-npm/moggies-auth/-/moggies-auth-0.1.0.tgz",
      "integrity": "sha512-opogxVr6m4nZN0ImDyVFZop+JLpLBs+8OV7F9Nf8FWA1X2ihyjNcsnkFWQKVqo4AQCGKfJxGdxIaeGs/iDM5yw=="
    },
    "moggies-lambda-helpers": {
      "version": "0.1.0",
      "resolved": "https://moggies-io-989665778089.d.codeartifact.eu-west-1.amazonaws.com:443/npm/team-npm/moggies-lambda-helpers/-/moggies-lambda-helpers-0.1.0.tgz",
      "integrity": "sha512-vZ6h8gPf4k3GbfxCEpQtJeNk2KCOSwapgBXFXib1683bi7SWKog0XBGPP4voc+/Qy2IeAwbt5AXfPJFtShtDcA=="
    },
    "moggies-metrics": {
      "version": "0.1.0",
      "resolved": "https://moggies-io-989665778089.d.codeartifact.eu-west-1.amazonaws.com:443/npm/team-npm/moggies-metrics/-/moggies-metrics-0.1.0.tgz",
      "integrity": "sha512-tKaBVvsO6FOiQrA0rFqwFA/pU2QLSaSRgWsau8aBdsukjz24wRmtMo12RgRiU/U6uruFmtFiAbTWx5DBq+/9ag=="
    }
  }
}
